
Microsoft Visual Studio Solution File, Format Version 12.00
# Visual Studio Version 17
VisualStudioVersion = 17.0.32112.339
MinimumVisualStudioVersion = 10.0.40219.1
Project("{FAE04EC0-301F-11D3-BF4B-00C04F79EFBC}") = "Projektni_zadatak", "Projektni_zadatak\Projektni_zadatak.csproj", "{AACE902E-54B4-4126-A626-CE57BFF6B304}"
EndProject
Project("{FAE04EC0-301F-11D3-BF4B-00C04F79EFBC}") = "Podatkovni_Sloj", "Podatkovni_Sloj\Podatkovni_Sloj.csproj", "{F9CF7AED-E437-4485-A29B-ABB0129AD307}"
EndProject
Global
	GlobalSection(SolutionConfigurationPlatforms) = preSolution
		Debug|Any CPU = Debug|Any CPU
		Release|Any CPU = Release|Any CPU
	EndGlobalSection
	GlobalSection(ProjectConfigurationPlatforms) = postSolution
		{AACE902E-54B4-4126-A626-CE57BFF6B304}.Debug|Any CPU.ActiveCfg = Debug|Any CPU
		{AACE902E-54B4-4126-A626-CE57BFF6B304}.Debug|Any CPU.Build.0 = Debug|Any CPU
		{AACE902E-54B4-4126-A626-CE57BFF6B304}.Release|Any CPU.ActiveCfg = Release|Any CPU
		{AACE902E-54B4-4126-A626-CE57BFF6B304}.Release|Any CPU.Build.0 = Release|Any CPU
		{F9CF7AED-E437-4485-A29B-ABB0129AD307}.Debug|Any CPU.ActiveCfg = Debug|Any CPU
		{F9CF7AED-E437-4485-A29B-ABB0129AD307}.Debug|Any CPU.Build.0 = Debug|Any CPU
		{F9CF7AED-E437-4485-A29B-ABB0129AD307}.Release|Any CPU.ActiveCfg = Release|Any CPU
		{F9CF7AED-E437-4485-A29B-ABB0129AD307}.Release|Any CPU.Build.0 = Release|Any CPU
	EndGlobalSection
	GlobalSection(SolutionProperties) = preSolution
		HideSolutionNode = FALSE
	EndGlobalSection
	GlobalSection(ExtensibilityGlobals) = postSolution
		SolutionGuid = {266BA627-1B6D-49D6-8EDB-7F7AD1DB7409}
	EndGlobalSection
EndGlobal
